
Microsoft Visual Studio Solution File, Format Version 12.00
# Visual Studio 14
VisualStudioVersion = 14.0.25420.1
MinimumVisualStudioVersion = 10.0.40219.1
Project("{FAE04EC0-301F-11D3-BF4B-00C04F79EFBC}") = "RollCall.Engine", "RollCall.Engine\RollCall.Engine.csproj", "{D43D1279-1BC0-4C69-9D54-BEF753E7F34F}"
EndProject
Project("{FAE04EC0-301F-11D3-BF4B-00C04F79EFBC}") = "RollCall.Svc", "RollCall.Svc\RollCall.Svc.csproj", "{C872D1DE-9914-4FED-BF20-22A340B82B71}"
EndProject
Global
	GlobalSection(SolutionConfigurationPlatforms) = preSolution
		Debug|Any CPU = Debug|Any CPU
		Release|Any CPU = Release|Any CPU
	EndGlobalSection
	GlobalSection(ProjectConfigurationPlatforms) = postSolution
		{D43D1279-1BC0-4C69-9D54-BEF753E7F34F}.Debug|Any CPU.ActiveCfg = Debug|Any CPU
		{D43D1279-1BC0-4C69-9D54-BEF753E7F34F}.Debug|Any CPU.Build.0 = Debug|Any CPU
		{D43D1279-1BC0-4C69-9D54-BEF753E7F34F}.Release|Any CPU.ActiveCfg = Release|Any CPU
		{D43D1279-1BC0-4C69-9D54-BEF753E7F34F}.Release|Any CPU.Build.0 = Release|Any CPU
		{C872D1DE-9914-4FED-BF20-22A340B82B71}.Debug|Any CPU.ActiveCfg = Debug|Any CPU
		{C872D1DE-9914-4FED-BF20-22A340B82B71}.Debug|Any CPU.Build.0 = Debug|Any CPU
		{C872D1DE-9914-4FED-BF20-22A340B82B71}.Release|Any CPU.ActiveCfg = Release|Any CPU
		{C872D1DE-9914-4FED-BF20-22A340B82B71}.Release|Any CPU.Build.0 = Release|Any CPU
	EndGlobalSection
	GlobalSection(SolutionProperties) = preSolution
		HideSolutionNode = FALSE
	EndGlobalSection
EndGlobal
